// !$*UTF8*$!
{
	archiveVersion = 1;
	classes = {
	};
	objectVersion = 56;
	objects = {

/* Begin PBXBuildFile section */
		AD901DA1291B7A7C00E2258C /* WeatherForecastApp.swift in Sources */ = {isa = PBXBuildFile; fileRef = AD901DA0291B7A7C00E2258C /* WeatherForecastApp.swift */; };
		AD901DA6291B7A7C00E2258C /* WeatherForecast.xcdatamodeld in Sources */ = {isa = PBXBuildFile; fileRef = AD901DA4291B7A7C00E2258C /* WeatherForecast.xcdatamodeld */; };
		AD901DAA291B7A7D00E2258C /* Assets.xcassets in Resources */ = {isa = PBXBuildFile; fileRef = AD901DA9291B7A7D00E2258C /* Assets.xcassets */; };
		AD901DAE291B7A7D00E2258C /* Preview Assets.xcassets in Resources */ = {isa = PBXBuildFile; fileRef = AD901DAD291B7A7D00E2258C /* Preview Assets.xcassets */; };
		AD901DD2291B7D2D00E2258C /* WeatherForcastApiClient.swift in Sources */ = {isa = PBXBuildFile; fileRef = AD901DD1291B7D2D00E2258C /* WeatherForcastApiClient.swift */; };
		AD901DD4291B7D9700E2258C /* ApiRequest+Extension.swift in Sources */ = {isa = PBXBuildFile; fileRef = AD901DD3291B7D9700E2258C /* ApiRequest+Extension.swift */; };
		AD901DD6291B940A00E2258C /* URLResponse+Extension.swift in Sources */ = {isa = PBXBuildFile; fileRef = AD901DD5291B940A00E2258C /* URLResponse+Extension.swift */; };
		AD901DD9291BAA0800E2258C /* ForeCastRequest.swift in Sources */ = {isa = PBXBuildFile; fileRef = AD901DD8291BAA0800E2258C /* ForeCastRequest.swift */; };
		AD901DDB291BAC5900E2258C /* Keys.swift in Sources */ = {isa = PBXBuildFile; fileRef = AD901DDA291BAC5900E2258C /* Keys.swift */; };
		AD901DDE291BCA3600E2258C /* Home.swift in Sources */ = {isa = PBXBuildFile; fileRef = AD901DDD291BCA3600E2258C /* Home.swift */; };
		AD9CD60B291CFC37009693EF /* CurrentWeatherForecast.swift in Sources */ = {isa = PBXBuildFile; fileRef = AD9CD60A291CFC37009693EF /* CurrentWeatherForecast.swift */; };
		AD9CD60D291CFD1B009693EF /* CurrentWeatherViewModel.swift in Sources */ = {isa = PBXBuildFile; fileRef = AD9CD60C291CFD1B009693EF /* CurrentWeatherViewModel.swift */; };
		AD9CD60F291CFE61009693EF /* CurrentWeatherDetailViewModel.swift in Sources */ = {isa = PBXBuildFile; fileRef = AD9CD60E291CFE61009693EF /* CurrentWeatherDetailViewModel.swift */; };
		AD9CD611291CFECF009693EF /* ForeCastRequestBuilder.swift in Sources */ = {isa = PBXBuildFile; fileRef = AD9CD610291CFECF009693EF /* ForeCastRequestBuilder.swift */; };
		AD9CD614291E4A07009693EF /* HomeViewModel.swift in Sources */ = {isa = PBXBuildFile; fileRef = AD9CD613291E4A07009693EF /* HomeViewModel.swift */; };
		AD9CD61A291EE0B4009693EF /* LocationSearchService.swift in Sources */ = {isa = PBXBuildFile; fileRef = AD9CD619291EE0B4009693EF /* LocationSearchService.swift */; };
		AD9CD61C291F81F2009693EF /* WeeklyForeCast.swift in Sources */ = {isa = PBXBuildFile; fileRef = AD9CD61B291F81F2009693EF /* WeeklyForeCast.swift */; };
		AD9CD61F291F8580009693EF /* WeeklyForeCastDetailViewModel.swift in Sources */ = {isa = PBXBuildFile; fileRef = AD9CD61E291F8580009693EF /* WeeklyForeCastDetailViewModel.swift */; };
		AD9CD621291F91A3009693EF /* Utilities.swift in Sources */ = {isa = PBXBuildFile; fileRef = AD9CD620291F91A3009693EF /* Utilities.swift */; };
		AD9CD623291F9327009693EF /* WeeklyForeCastViewModel.swift in Sources */ = {isa = PBXBuildFile; fileRef = AD9CD622291F9327009693EF /* WeeklyForeCastViewModel.swift */; };
		AD9CD6252921290C009693EF /* LocationSearchView.swift in Sources */ = {isa = PBXBuildFile; fileRef = AD9CD6242921290C009693EF /* LocationSearchView.swift */; };
		AD9CD62729213346009693EF /* LocationSearchViewData.swift in Sources */ = {isa = PBXBuildFile; fileRef = AD9CD62629213346009693EF /* LocationSearchViewData.swift */; };
		AD9CD62929214129009693EF /* LocationSearchViewModel.swift in Sources */ = {isa = PBXBuildFile; fileRef = AD9CD62829214129009693EF /* LocationSearchViewModel.swift */; };
		AD9CD62C292171F4009693EF /* MockAPIClient.swift in Sources */ = {isa = PBXBuildFile; fileRef = AD9CD62B292171F4009693EF /* MockAPIClient.swift */; };
		AD9CD62E2921796F009693EF /* CurrentWeatherViewModelTests.swift in Sources */ = {isa = PBXBuildFile; fileRef = AD9CD62D2921796F009693EF /* CurrentWeatherViewModelTests.swift */; };
		AD9CD63029218C2E009693EF /* CurrentWeatherDetailViewModelTests.swift in Sources */ = {isa = PBXBuildFile; fileRef = AD9CD62F29218C2E009693EF /* CurrentWeatherDetailViewModelTests.swift */; };
		AD9CD63229219085009693EF /* WeeklyForeCastViewModelTests.swift in Sources */ = {isa = PBXBuildFile; fileRef = AD9CD63129219085009693EF /* WeeklyForeCastViewModelTests.swift */; };
		AD9CD634292193A6009693EF /* WeeklyForeCastDetailViewModelTests.swift in Sources */ = {isa = PBXBuildFile; fileRef = AD9CD633292193A6009693EF /* WeeklyForeCastDetailViewModelTests.swift */; };
		AD9CD63629219672009693EF /* HomeViewModelTests.swift in Sources */ = {isa = PBXBuildFile; fileRef = AD9CD63529219672009693EF /* HomeViewModelTests.swift */; };
/* End PBXBuildFile section */

/* Begin PBXContainerItemProxy section */
		AD901DB4291B7A7D00E2258C /* PBXContainerItemProxy */ = {
			isa = PBXContainerItemProxy;
			containerPortal = AD901D95291B7A7C00E2258C /* Project object */;
			proxyType = 1;
			remoteGlobalIDString = AD901D9C291B7A7C00E2258C;
			remoteInfo = WeatherForecast;
		};
/* End PBXContainerItemProxy section */

/* Begin PBXFileReference section */
		AD901D9D291B7A7C00E2258C /* WeatherForecast.app */ = {isa = PBXFileReference; explicitFileType = wrapper.application; includeInIndex = 0; path = WeatherForecast.app; sourceTree = BUILT_PRODUCTS_DIR; };
		AD901DA0291B7A7C00E2258C /* WeatherForecastApp.swift */ = {isa = PBXFileReference; lastKnownFileType = sourcecode.swift; path = WeatherForecastApp.swift; sourceTree = "<group>"; };
		AD901DA5291B7A7C00E2258C /* WeatherForecast.xcdatamodel */ = {isa = PBXFileReference; lastKnownFileType = wrapper.xcdatamodel; path = WeatherForecast.xcdatamodel; sourceTree = "<group>"; };
		AD901DA9291B7A7D00E2258C /* Assets.xcassets */ = {isa = PBXFileReference; lastKnownFileType = folder.assetcatalog; path = Assets.xcassets; sourceTree = "<group>"; };
		AD901DAB291B7A7D00E2258C /* WeatherForecast.entitlements */ = {isa = PBXFileReference; lastKnownFileType = text.plist.entitlements; path = WeatherForecast.entitlements; sourceTree = "<group>"; };
		AD901DAD291B7A7D00E2258C /* Preview Assets.xcassets */ = {isa = PBXFileReference; lastKnownFileType = folder.assetcatalog; path = "Preview Assets.xcassets"; sourceTree = "<group>"; };
		AD901DB3291B7A7D00E2258C /* WeatherForecastTests.xctest */ = {isa = PBXFileReference; explicitFileType = wrapper.cfbundle; includeInIndex = 0; path = WeatherForecastTests.xctest; sourceTree = BUILT_PRODUCTS_DIR; };
		AD901DD1291B7D2D00E2258C /* WeatherForcastApiClient.swift */ = {isa = PBXFileReference; lastKnownFileType = sourcecode.swift; path = WeatherForcastApiClient.swift; sourceTree = "<group>"; };
		AD901DD3291B7D9700E2258C /* ApiRequest+Extension.swift */ = {isa = PBXFileReference; lastKnownFileType = sourcecode.swift; path = "ApiRequest+Extension.swift"; sourceTree = "<group>"; };
		AD901DD5291B940A00E2258C /* URLResponse+Extension.swift */ = {isa = PBXFileReference; lastKnownFileType = sourcecode.swift; path = "URLResponse+Extension.swift"; sourceTree = "<group>"; };
		AD901DD8291BAA0800E2258C /* ForeCastRequest.swift */ = {isa = PBXFileReference; lastKnownFileType = sourcecode.swift; path = ForeCastRequest.swift; sourceTree = "<group>"; };
		AD901DDA291BAC5900E2258C /* Keys.swift */ = {isa = PBXFileReference; lastKnownFileType = sourcecode.swift; path = Keys.swift; sourceTree = "<group>"; };
		AD901DDD291BCA3600E2258C /* Home.swift */ = {isa = PBXFileReference; lastKnownFileType = sourcecode.swift; path = Home.swift; sourceTree = "<group>"; };
		AD9CD60A291CFC37009693EF /* CurrentWeatherForecast.swift */ = {isa = PBXFileReference; lastKnownFileType = sourcecode.swift; path = CurrentWeatherForecast.swift; sourceTree = "<group>"; };
		AD9CD60C291CFD1B009693EF /* CurrentWeatherViewModel.swift */ = {isa = PBXFileReference; lastKnownFileType = sourcecode.swift; path = CurrentWeatherViewModel.swift; sourceTree = "<group>"; };
		AD9CD60E291CFE61009693EF /* CurrentWeatherDetailViewModel.swift */ = {isa = PBXFileReference; lastKnownFileType = sourcecode.swift; path = CurrentWeatherDetailViewModel.swift; sourceTree = "<group>"; };
		AD9CD610291CFECF009693EF /* ForeCastRequestBuilder.swift */ = {isa = PBXFileReference; lastKnownFileType = sourcecode.swift; path = ForeCastRequestBuilder.swift; sourceTree = "<group>"; };
		AD9CD613291E4A07009693EF /* HomeViewModel.swift */ = {isa = PBXFileReference; lastKnownFileType = sourcecode.swift; path = HomeViewModel.swift; sourceTree = "<group>"; };
		AD9CD618291E61B3009693EF /* Info.plist */ = {isa = PBXFileReference; lastKnownFileType = text.plist; path = Info.plist; sourceTree = "<group>"; };
		AD9CD619291EE0B4009693EF /* LocationSearchService.swift */ = {isa = PBXFileReference; lastKnownFileType = sourcecode.swift; path = LocationSearchService.swift; sourceTree = "<group>"; };
		AD9CD61B291F81F2009693EF /* WeeklyForeCast.swift */ = {isa = PBXFileReference; lastKnownFileType = sourcecode.swift; path = WeeklyForeCast.swift; sourceTree = "<group>"; };
		AD9CD61E291F8580009693EF /* WeeklyForeCastDetailViewModel.swift */ = {isa = PBXFileReference; lastKnownFileType = sourcecode.swift; path = WeeklyForeCastDetailViewModel.swift; sourceTree = "<group>"; };
		AD9CD620291F91A3009693EF /* Utilities.swift */ = {isa = PBXFileReference; lastKnownFileType = sourcecode.swift; path = Utilities.swift; sourceTree = "<group>"; };
		AD9CD622291F9327009693EF /* WeeklyForeCastViewModel.swift */ = {isa = PBXFileReference; lastKnownFileType = sourcecode.swift; path = WeeklyForeCastViewModel.swift; sourceTree = "<group>"; };
		AD9CD6242921290C009693EF /* LocationSearchView.swift */ = {isa = PBXFileReference; lastKnownFileType = sourcecode.swift; path = LocationSearchView.swift; sourceTree = "<group>"; };
		AD9CD62629213346009693EF /* LocationSearchViewData.swift */ = {isa = PBXFileReference; lastKnownFileType = sourcecode.swift; path = LocationSearchViewData.swift; sourceTree = "<group>"; };
		AD9CD62829214129009693EF /* LocationSearchViewModel.swift */ = {isa = PBXFileReference; lastKnownFileType = sourcecode.swift; path = LocationSearchViewModel.swift; sourceTree = "<group>"; };
		AD9CD62B292171F4009693EF /* MockAPIClient.swift */ = {isa = PBXFileReference; lastKnownFileType = sourcecode.swift; path = MockAPIClient.swift; sourceTree = "<group>"; };
		AD9CD62D2921796F009693EF /* CurrentWeatherViewModelTests.swift */ = {isa = PBXFileReference; lastKnownFileType = sourcecode.swift; path = CurrentWeatherViewModelTests.swift; sourceTree = "<group>"; };
		AD9CD62F29218C2E009693EF /* CurrentWeatherDetailViewModelTests.swift */ = {isa = PBXFileReference; lastKnownFileType = sourcecode.swift; path = CurrentWeatherDetailViewModelTests.swift; sourceTree = "<group>"; };
		AD9CD63129219085009693EF /* WeeklyForeCastViewModelTests.swift */ = {isa = PBXFileReference; lastKnownFileType = sourcecode.swift; path = WeeklyForeCastViewModelTests.swift; sourceTree = "<group>"; };
		AD9CD633292193A6009693EF /* WeeklyForeCastDetailViewModelTests.swift */ = {isa = PBXFileReference; lastKnownFileType = sourcecode.swift; path = WeeklyForeCastDetailViewModelTests.swift; sourceTree = "<group>"; };
		AD9CD63529219672009693EF /* HomeViewModelTests.swift */ = {isa = PBXFileReference; lastKnownFileType = sourcecode.swift; path = HomeViewModelTests.swift; sourceTree = "<group>"; };
/* End PBXFileReference section */

/* Begin PBXFrameworksBuildPhase section */
		AD901D9A291B7A7C00E2258C /* Frameworks */ = {
			isa = PBXFrameworksBuildPhase;
			buildActionMask = 2147483647;
			files = (
			);
			runOnlyForDeploymentPostprocessing = 0;
		};
		AD901DB0291B7A7D00E2258C /* Frameworks */ = {
			isa = PBXFrameworksBuildPhase;
			buildActionMask = 2147483647;
			files = (
			);
			runOnlyForDeploymentPostprocessing = 0;
		};
/* End PBXFrameworksBuildPhase section */

/* Begin PBXGroup section */
		AD901D94291B7A7C00E2258C = {
			isa = PBXGroup;
			children = (
				AD901D9F291B7A7C00E2258C /* WeatherForecast */,
				AD901DB6291B7A7D00E2258C /* WeatherForecastTests */,
				AD901D9E291B7A7C00E2258C /* Products */,
			);
			sourceTree = "<group>";
		};
		AD901D9E291B7A7C00E2258C /* Products */ = {
			isa = PBXGroup;
			children = (
				AD901D9D291B7A7C00E2258C /* WeatherForecast.app */,
				AD901DB3291B7A7D00E2258C /* WeatherForecastTests.xctest */,
			);
			name = Products;
			sourceTree = "<group>";
		};
		AD901D9F291B7A7C00E2258C /* WeatherForecast */ = {
			isa = PBXGroup;
			children = (
				AD9CD61D291F8562009693EF /* WeeklyForeCast */,
				AD9CD618291E61B3009693EF /* Info.plist */,
				AD9CD612291E49E5009693EF /* Home */,
				AD9CD609291CFC14009693EF /* Entities */,
				AD901DDC291BAE0B00E2258C /* CurrentWeather */,
				AD901DD0291B7C4E00E2258C /* Networking */,
				AD901DA0291B7A7C00E2258C /* WeatherForecastApp.swift */,
				AD901DA9291B7A7D00E2258C /* Assets.xcassets */,
				AD901DAB291B7A7D00E2258C /* WeatherForecast.entitlements */,
				AD901DA4291B7A7C00E2258C /* WeatherForecast.xcdatamodeld */,
				AD901DAC291B7A7D00E2258C /* Preview Content */,
				AD9CD620291F91A3009693EF /* Utilities.swift */,
			);
			path = WeatherForecast;
			sourceTree = "<group>";
		};
		AD901DAC291B7A7D00E2258C /* Preview Content */ = {
			isa = PBXGroup;
			children = (
				AD901DAD291B7A7D00E2258C /* Preview Assets.xcassets */,
			);
			path = "Preview Content";
			sourceTree = "<group>";
		};
		AD901DB6291B7A7D00E2258C /* WeatherForecastTests */ = {
			isa = PBXGroup;
			children = (
				AD9CD62A29217036009693EF /* Mocks */,
				AD9CD62D2921796F009693EF /* CurrentWeatherViewModelTests.swift */,
				AD9CD62F29218C2E009693EF /* CurrentWeatherDetailViewModelTests.swift */,
				AD9CD63129219085009693EF /* WeeklyForeCastViewModelTests.swift */,
				AD9CD633292193A6009693EF /* WeeklyForeCastDetailViewModelTests.swift */,
				AD9CD63529219672009693EF /* HomeViewModelTests.swift */,
			);
			path = WeatherForecastTests;
			sourceTree = "<group>";
		};
		AD901DD0291B7C4E00E2258C /* Networking */ = {
			isa = PBXGroup;
			children = (
				AD901DD7291BA8CB00E2258C /* Forecast */,
				AD901DD1291B7D2D00E2258C /* WeatherForcastApiClient.swift */,
				AD901DD3291B7D9700E2258C /* ApiRequest+Extension.swift */,
				AD901DD5291B940A00E2258C /* URLResponse+Extension.swift */,
				AD901DDA291BAC5900E2258C /* Keys.swift */,
			);
			path = Networking;
			sourceTree = "<group>";
		};
		AD901DD7291BA8CB00E2258C /* Forecast */ = {
			isa = PBXGroup;
			children = (
				AD901DD8291BAA0800E2258C /* ForeCastRequest.swift */,
				AD9CD610291CFECF009693EF /* ForeCastRequestBuilder.swift */,
			);
			path = Forecast;
			sourceTree = "<group>";
		};
		AD901DDC291BAE0B00E2258C /* CurrentWeather */ = {
			isa = PBXGroup;
			children = (
				AD9CD60C291CFD1B009693EF /* CurrentWeatherViewModel.swift */,
				AD9CD60E291CFE61009693EF /* CurrentWeatherDetailViewModel.swift */,
			);
			path = CurrentWeather;
			sourceTree = "<group>";
		};
		AD9CD609291CFC14009693EF /* Entities */ = {
			isa = PBXGroup;
			children = (
				AD9CD60A291CFC37009693EF /* CurrentWeatherForecast.swift */,
				AD9CD61B291F81F2009693EF /* WeeklyForeCast.swift */,
				AD9CD62629213346009693EF /* LocationSearchViewData.swift */,
			);
			path = Entities;
			sourceTree = "<group>";
		};
		AD9CD612291E49E5009693EF /* Home */ = {
			isa = PBXGroup;
			children = (
				AD9CD613291E4A07009693EF /* HomeViewModel.swift */,
				AD901DDD291BCA3600E2258C /* Home.swift */,
				AD9CD619291EE0B4009693EF /* LocationSearchService.swift */,
				AD9CD6242921290C009693EF /* LocationSearchView.swift */,
				AD9CD62829214129009693EF /* LocationSearchViewModel.swift */,
			);
			path = Home;
			sourceTree = "<group>";
		};
		AD9CD61D291F8562009693EF /* WeeklyForeCast */ = {
			isa = PBXGroup;
			children = (
				AD9CD61E291F8580009693EF /* WeeklyForeCastDetailViewModel.swift */,
				AD9CD622291F9327009693EF /* WeeklyForeCastViewModel.swift */,
			);
			path = WeeklyForeCast;
			sourceTree = "<group>";
		};
		AD9CD62A29217036009693EF /* Mocks */ = {
			isa = PBXGroup;
			children = (
				AD9CD62B292171F4009693EF /* MockAPIClient.swift */,
			);
			path = Mocks;
			sourceTree = "<group>";
		};
/* End PBXGroup section */

/* Begin PBXNativeTarget section */
		AD901D9C291B7A7C00E2258C /* WeatherForecast */ = {
			isa = PBXNativeTarget;
			buildConfigurationList = AD901DC7291B7A7D00E2258C /* Build configuration list for PBXNativeTarget "WeatherForecast" */;
			buildPhases = (
				AD901D99291B7A7C00E2258C /* Sources */,
				AD901D9A291B7A7C00E2258C /* Frameworks */,
				AD901D9B291B7A7C00E2258C /* Resources */,
			);
			buildRules = (
			);
			dependencies = (
			);
			name = WeatherForecast;
			productName = WeatherForecast;
			productReference = AD901D9D291B7A7C00E2258C /* WeatherForecast.app */;
			productType = "com.apple.product-type.application";
		};
		AD901DB2291B7A7D00E2258C /* WeatherForecastTests */ = {
			isa = PBXNativeTarget;
			buildConfigurationList = AD901DCA291B7A7D00E2258C /* Build configuration list for PBXNativeTarget "WeatherForecastTests" */;
			buildPhases = (
				AD901DAF291B7A7D00E2258C /* Sources */,
				AD901DB0291B7A7D00E2258C /* Frameworks */,
				AD901DB1291B7A7D00E2258C /* Resources */,
			);
			buildRules = (
			);
			dependencies = (
				AD901DB5291B7A7D00E2258C /* PBXTargetDependency */,
			);
			name = WeatherForecastTests;
			productName = WeatherForecastTests;
			productReference = AD901DB3291B7A7D00E2258C /* WeatherForecastTests.xctest */;
			productType = "com.apple.product-type.bundle.unit-test";
		};
/* End PBXNativeTarget section */

/* Begin PBXProject section */
		AD901D95291B7A7C00E2258C /* Project object */ = {
			isa = PBXProject;
			attributes = {
				BuildIndependentTargetsInParallel = 1;
				LastSwiftUpdateCheck = 1410;
				LastUpgradeCheck = 1620;
				TargetAttributes = {
					AD901D9C291B7A7C00E2258C = {
						CreatedOnToolsVersion = 14.1;
					};
					AD901DB2291B7A7D00E2258C = {
						CreatedOnToolsVersion = 14.1;
						TestTargetID = AD901D9C291B7A7C00E2258C;
					};
				};
			};
			buildConfigurationList = AD901D98291B7A7C00E2258C /* Build configuration list for PBXProject "WeatherForecast" */;
			compatibilityVersion = "Xcode 14.0";
			developmentRegion = en;
			hasScannedForEncodings = 0;
			knownRegions = (
				en,
				Base,
			);
			mainGroup = AD901D94291B7A7C00E2258C;
			productRefGroup = AD901D9E291B7A7C00E2258C /* Products */;
			projectDirPath = "";
			projectRoot = "";
			targets = (
				AD901D9C291B7A7C00E2258C /* WeatherForecast */,
				AD901DB2291B7A7D00E2258C /* WeatherForecastTests */,
			);
		};
/* End PBXProject section */

/* Begin PBXResourcesBuildPhase section */
		AD901D9B291B7A7C00E2258C /* Resources */ = {
			isa = PBXResourcesBuildPhase;
			buildActionMask = 2147483647;
			files = (
				AD901DAE291B7A7D00E2258C /* Preview Assets.xcassets in Resources */,
				AD901DAA291B7A7D00E2258C /* Assets.xcassets in Resources */,
			);
			runOnlyForDeploymentPostprocessing = 0;
		};
		AD901DB1291B7A7D00E2258C /* Resources */ = {
			isa = PBXResourcesBuildPhase;
			buildActionMask = 2147483647;
			files = (
			);
			runOnlyForDeploymentPostprocessing = 0;
		};
/* End PBXResourcesBuildPhase section */

/* Begin PBXSourcesBuildPhase section */
		AD901D99291B7A7C00E2258C /* Sources */ = {
			isa = PBXSourcesBuildPhase;
			buildActionMask = 2147483647;
			files = (
				AD9CD62929214129009693EF /* LocationSearchViewModel.swift in Sources */,
				AD901DD9291BAA0800E2258C /* ForeCastRequest.swift in Sources */,
				AD9CD61F291F8580009693EF /* WeeklyForeCastDetailViewModel.swift in Sources */,
				AD901DD4291B7D9700E2258C /* ApiRequest+Extension.swift in Sources */,
				AD901DDE291BCA3600E2258C /* Home.swift in Sources */,
				AD901DA6291B7A7C00E2258C /* WeatherForecast.xcdatamodeld in Sources */,
				AD901DA1291B7A7C00E2258C /* WeatherForecastApp.swift in Sources */,
				AD901DD6291B940A00E2258C /* URLResponse+Extension.swift in Sources */,
				AD9CD6252921290C009693EF /* LocationSearchView.swift in Sources */,
				AD9CD61A291EE0B4009693EF /* LocationSearchService.swift in Sources */,
				AD9CD62729213346009693EF /* LocationSearchViewData.swift in Sources */,
				AD9CD623291F9327009693EF /* WeeklyForeCastViewModel.swift in Sources */,
				AD901DD2291B7D2D00E2258C /* WeatherForcastApiClient.swift in Sources */,
				AD9CD60B291CFC37009693EF /* CurrentWeatherForecast.swift in Sources */,
				AD901DDB291BAC5900E2258C /* Keys.swift in Sources */,
				AD9CD611291CFECF009693EF /* ForeCastRequestBuilder.swift in Sources */,
				AD9CD621291F91A3009693EF /* Utilities.swift in Sources */,
				AD9CD62C292171F4009693EF /* MockAPIClient.swift in Sources */,
				AD9CD60F291CFE61009693EF /* CurrentWeatherDetailViewModel.swift in Sources */,
				AD9CD614291E4A07009693EF /* HomeViewModel.swift in Sources */,
				AD9CD61C291F81F2009693EF /* WeeklyForeCast.swift in Sources */,
				AD9CD60D291CFD1B009693EF /* CurrentWeatherViewModel.swift in Sources */,
			);
			runOnlyForDeploymentPostprocessing = 0;
		};
		AD901DAF291B7A7D00E2258C /* Sources */ = {
			isa = PBXSourcesBuildPhase;
			buildActionMask = 2147483647;
			files = (
				AD9CD63229219085009693EF /* WeeklyForeCastViewModelTests.swift in Sources */,
				AD9CD634292193A6009693EF /* WeeklyForeCastDetailViewModelTests.swift in Sources */,
				AD9CD63029218C2E009693EF /* CurrentWeatherDetailViewModelTests.swift in Sources */,
				AD9CD62E2921796F009693EF /* CurrentWeatherViewModelTests.swift in Sources */,
				AD9CD63629219672009693EF /* HomeViewModelTests.swift in Sources */,
			);
			runOnlyForDeploymentPostprocessing = 0;
		};
/* End PBXSourcesBuildPhase section */

/* Begin PBXTargetDependency section */
		AD901DB5291B7A7D00E2258C /* PBXTargetDependency */ = {
			isa = PBXTargetDependency;
			target = AD901D9C291B7A7C00E2258C /* WeatherForecast */;
			targetProxy = AD901DB4291B7A7D00E2258C /* PBXContainerItemProxy */;
		};
/* End PBXTargetDependency section */

/* Begin XCBuildConfiguration section */
		AD901DC5291B7A7D00E2258C /* Debug */ = {
			isa = XCBuildConfiguration;
			buildSettings = {
				ALWAYS_SEARCH_USER_PATHS = NO;
				CLANG_ANALYZER_NONNULL = YES;
				CLANG_ANALYZER_NUMBER_OBJECT_CONVERSION = YES_AGGRESSIVE;
				CLANG_CXX_LANGUAGE_STANDARD = "gnu++20";
				CLANG_ENABLE_MODULES = YES;
				CLANG_ENABLE_OBJC_ARC = YES;
				CLANG_ENABLE_OBJC_WEAK = YES;
				CLANG_WARN_BLOCK_CAPTURE_AUTORELEASING = YES;
				CLANG_WARN_BOOL_CONVERSION = YES;
				CLANG_WARN_COMMA = YES;
				CLANG_WARN_CONSTANT_CONVERSION = YES;
				CLANG_WARN_DEPRECATED_OBJC_IMPLEMENTATIONS = YES;
				CLANG_WARN_DIRECT_OBJC_ISA_USAGE = YES_ERROR;
				CLANG_WARN_DOCUMENTATION_COMMENTS = YES;
				CLANG_WARN_EMPTY_BODY = YES;
				CLANG_WARN_ENUM_CONVERSION = YES;
				CLANG_WARN_INFINITE_RECURSION = YES;
				CLANG_WARN_INT_CONVERSION = YES;
				CLANG_WARN_NON_LITERAL_NULL_CONVERSION = YES;
				CLANG_WARN_OBJC_IMPLICIT_RETAIN_SELF = YES;
				CLANG_WARN_OBJC_LITERAL_CONVERSION = YES;
				CLANG_WARN_OBJC_ROOT_CLASS = YES_ERROR;
				CLANG_WARN_QUOTED_INCLUDE_IN_FRAMEWORK_HEADER = YES;
				CLANG_WARN_RANGE_LOOP_ANALYSIS = YES;
				CLANG_WARN_STRICT_PROTOTYPES = YES;
				CLANG_WARN_SUSPICIOUS_MOVE = YES;
				CLANG_WARN_UNGUARDED_AVAILABILITY = YES_AGGRESSIVE;
				CLANG_WARN_UNREACHABLE_CODE = YES;
				CLANG_WARN__DUPLICATE_METHOD_MATCH = YES;
				COPY_PHASE_STRIP = NO;
				DEAD_CODE_STRIPPING = YES;
				DEBUG_INFORMATION_FORMAT = dwarf;
				ENABLE_STRICT_OBJC_MSGSEND = YES;
				ENABLE_TESTABILITY = YES;
				ENABLE_USER_SCRIPT_SANDBOXING = YES;
				GCC_C_LANGUAGE_STANDARD = gnu11;
				GCC_DYNAMIC_NO_PIC = NO;
				GCC_NO_COMMON_BLOCKS = YES;
				GCC_OPTIMIZATION_LEVEL = 0;
				GCC_PREPROCESSOR_DEFINITIONS = (
					"DEBUG=1",
					"$(inherited)",
				);
				GCC_WARN_64_TO_32_BIT_CONVERSION = YES;
				GCC_WARN_ABOUT_RETURN_TYPE = YES_ERROR;
				GCC_WARN_UNDECLARED_SELECTOR = YES;
				GCC_WARN_UNINITIALIZED_AUTOS = YES_AGGRESSIVE;
				GCC_WARN_UNUSED_FUNCTION = YES;
				GCC_WARN_UNUSED_VARIABLE = YES;
				MTL_ENABLE_DEBUG_INFO = INCLUDE_SOURCE;
				MTL_FAST_MATH = YES;
				ONLY_ACTIVE_ARCH = YES;
				SWIFT_ACTIVE_COMPILATION_CONDITIONS = DEBUG;
				SWIFT_OPTIMIZATION_LEVEL = "-Onone";
			};
			name = Debug;
		};
		AD901DC6291B7A7D00E2258C /* Release */ = {
			isa = XCBuildConfiguration;
			buildSettings = {
				ALWAYS_SEARCH_USER_PATHS = NO;
				CLANG_ANALYZER_NONNULL = YES;
				CLANG_ANALYZER_NUMBER_OBJECT_CONVERSION = YES_AGGRESSIVE;
				CLANG_CXX_LANGUAGE_STANDARD = "gnu++20";
				CLANG_ENABLE_MODULES = YES;
				CLANG_ENABLE_OBJC_ARC = YES;
				CLANG_ENABLE_OBJC_WEAK = YES;
				CLANG_WARN_BLOCK_CAPTURE_AUTORELEASING = YES;
				CLANG_WARN_BOOL_CONVERSION = YES;
				CLANG_WARN_COMMA = YES;
				CLANG_WARN_CONSTANT_CONVERSION = YES;
				CLANG_WARN_DEPRECATED_OBJC_IMPLEMENTATIONS = YES;
				CLANG_WARN_DIRECT_OBJC_ISA_USAGE = YES_ERROR;
				CLANG_WARN_DOCUMENTATION_COMMENTS = YES;
				CLANG_WARN_EMPTY_BODY = YES;
				CLANG_WARN_ENUM_CONVERSION = YES;
				CLANG_WARN_INFINITE_RECURSION = YES;
				CLANG_WARN_INT_CONVERSION = YES;
				CLANG_WARN_NON_LITERAL_NULL_CONVERSION = YES;
				CLANG_WARN_OBJC_IMPLICIT_RETAIN_SELF = YES;
				CLANG_WARN_OBJC_LITERAL_CONVERSION = YES;
				CLANG_WARN_OBJC_ROOT_CLASS = YES_ERROR;
				CLANG_WARN_QUOTED_INCLUDE_IN_FRAMEWORK_HEADER = YES;
				CLANG_WARN_RANGE_LOOP_ANALYSIS = YES;
				CLANG_WARN_STRICT_PROTOTYPES = YES;
				CLANG_WARN_SUSPICIOUS_MOVE = YES;
				CLANG_WARN_UNGUARDED_AVAILABILITY = YES_AGGRESSIVE;
				CLANG_WARN_UNREACHABLE_CODE = YES;
				CLANG_WARN__DUPLICATE_METHOD_MATCH = YES;
				COPY_PHASE_STRIP = NO;
				DEAD_CODE_STRIPPING = YES;
				DEBUG_INFORMATION_FORMAT = "dwarf-with-dsym";
				ENABLE_NS_ASSERTIONS = NO;
				ENABLE_STRICT_OBJC_MSGSEND = YES;
				ENABLE_USER_SCRIPT_SANDBOXING = YES;
				GCC_C_LANGUAGE_STANDARD = gnu11;
				GCC_NO_COMMON_BLOCKS = YES;
				GCC_WARN_64_TO_32_BIT_CONVERSION = YES;
				GCC_WARN_ABOUT_RETURN_TYPE = YES_ERROR;
				GCC_WARN_UNDECLARED_SELECTOR = YES;
				GCC_WARN_UNINITIALIZED_AUTOS = YES_AGGRESSIVE;
				GCC_WARN_UNUSED_FUNCTION = YES;
				GCC_WARN_UNUSED_VARIABLE = YES;
				MTL_ENABLE_DEBUG_INFO = NO;
				MTL_FAST_MATH = YES;
				SWIFT_COMPILATION_MODE = wholemodule;
				SWIFT_OPTIMIZATION_LEVEL = "-O";
			};
			name = Release;
		};
		AD901DC8291B7A7D00E2258C /* Debug */ = {
			isa = XCBuildConfiguration;
			buildSettings = {
				ASSETCATALOG_COMPILER_APPICON_NAME = AppIcon;
				ASSETCATALOG_COMPILER_GLOBAL_ACCENT_COLOR_NAME = AccentColor;
				CODE_SIGN_ENTITLEMENTS = WeatherForecast/WeatherForecast.entitlements;
				CODE_SIGN_STYLE = Automatic;
				CURRENT_PROJECT_VERSION = 1;
				DEAD_CODE_STRIPPING = YES;
				DEVELOPMENT_ASSET_PATHS = "\"WeatherForecast/Preview Content\"";
				ENABLE_PREVIEWS = YES;
				GENERATE_INFOPLIST_FILE = YES;
				INFOPLIST_FILE = WeatherForecast/Info.plist;
				INFOPLIST_KEY_NSLocationWhenInUseUsageDescription = "To fetch for weather forecast in your current location";
				"INFOPLIST_KEY_UIApplicationSceneManifest_Generation[sdk=iphoneos*]" = YES;
				"INFOPLIST_KEY_UIApplicationSceneManifest_Generation[sdk=iphonesimulator*]" = YES;
				"INFOPLIST_KEY_UIApplicationSupportsIndirectInputEvents[sdk=iphoneos*]" = YES;
				"INFOPLIST_KEY_UIApplicationSupportsIndirectInputEvents[sdk=iphonesimulator*]" = YES;
				"INFOPLIST_KEY_UILaunchScreen_Generation[sdk=iphoneos*]" = YES;
				"INFOPLIST_KEY_UILaunchScreen_Generation[sdk=iphonesimulator*]" = YES;
				"INFOPLIST_KEY_UIStatusBarStyle[sdk=iphoneos*]" = UIStatusBarStyleDefault;
				"INFOPLIST_KEY_UIStatusBarStyle[sdk=iphonesimulator*]" = UIStatusBarStyleDefault;
				INFOPLIST_KEY_UISupportedInterfaceOrientations = UIInterfaceOrientationPortrait;
				INFOPLIST_KEY_UISupportedInterfaceOrientations_iPad = "UIInterfaceOrientationLandscapeLeft UIInterfaceOrientationLandscapeRight UIInterfaceOrientationPortrait UIInterfaceOrientationPortraitUpsideDown";
				IPHONEOS_DEPLOYMENT_TARGET = 16.1;
				LD_RUNPATH_SEARCH_PATHS = "@executable_path/Frameworks";
				"LD_RUNPATH_SEARCH_PATHS[sdk=macosx*]" = "@executable_path/../Frameworks";
				MACOSX_DEPLOYMENT_TARGET = 13.0;
				MARKETING_VERSION = 1.0;
				PRODUCT_BUNDLE_IDENTIFIER = "com.-WeatherForecast.WeatherForecast";
				PRODUCT_NAME = "$(TARGET_NAME)";
				SDKROOT = auto;
				SUPPORTED_PLATFORMS = "iphoneos iphonesimulator";
				SUPPORTS_MACCATALYST = NO;
				SUPPORTS_MAC_DESIGNED_FOR_IPHONE_IPAD = NO;
				SWIFT_EMIT_LOC_STRINGS = YES;
				SWIFT_VERSION = 6.0;
				TARGETED_DEVICE_FAMILY = 1;
			};
			name = Debug;
		};
		AD901DC9291B7A7D00E2258C /* Release */ = {
			isa = XCBuildConfiguration;
			buildSettings = {
				ASSETCATALOG_COMPILER_APPICON_NAME = AppIcon;
				ASSETCATALOG_COMPILER_GLOBAL_ACCENT_COLOR_NAME = AccentColor;
				CODE_SIGN_ENTITLEMENTS = WeatherForecast/WeatherForecast.entitlements;
				CODE_SIGN_STYLE = Automatic;
				CURRENT_PROJECT_VERSION = 1;
				DEAD_CODE_STRIPPING = YES;
				DEVELOPMENT_ASSET_PATHS = "\"WeatherForecast/Preview Content\"";
				ENABLE_PREVIEWS = YES;
				GENERATE_INFOPLIST_FILE = YES;
				INFOPLIST_FILE = WeatherForecast/Info.plist;
				INFOPLIST_KEY_NSLocationWhenInUseUsageDescription = "To fetch for weather forecast in your current location";
				"INFOPLIST_KEY_UIApplicationSceneManifest_Generation[sdk=iphoneos*]" = YES;
				"INFOPLIST_KEY_UIApplicationSceneManifest_Generation[sdk=iphonesimulator*]" = YES;
				"INFOPLIST_KEY_UIApplicationSupportsIndirectInputEvents[sdk=iphoneos*]" = YES;
				"INFOPLIST_KEY_UIApplicationSupportsIndirectInputEvents[sdk=iphonesimulator*]" = YES;
				"INFOPLIST_KEY_UILaunchScreen_Generation[sdk=iphoneos*]" = YES;
				"INFOPLIST_KEY_UILaunchScreen_Generation[sdk=iphonesimulator*]" = YES;
				"INFOPLIST_KEY_UIStatusBarStyle[sdk=iphoneos*]" = UIStatusBarStyleDefault;
				"INFOPLIST_KEY_UIStatusBarStyle[sdk=iphonesimulator*]" = UIStatusBarStyleDefault;
				INFOPLIST_KEY_UISupportedInterfaceOrientations = UIInterfaceOrientationPortrait;
				INFOPLIST_KEY_UISupportedInterfaceOrientations_iPad = "UIInterfaceOrientationLandscapeLeft UIInterfaceOrientationLandscapeRight UIInterfaceOrientationPortrait UIInterfaceOrientationPortraitUpsideDown";
				IPHONEOS_DEPLOYMENT_TARGET = 16.1;
				LD_RUNPATH_SEARCH_PATHS = "@executable_path/Frameworks";
				"LD_RUNPATH_SEARCH_PATHS[sdk=macosx*]" = "@executable_path/../Frameworks";
				MACOSX_DEPLOYMENT_TARGET = 13.0;
				MARKETING_VERSION = 1.0;
				PRODUCT_BUNDLE_IDENTIFIER = "com.-WeatherForecast.WeatherForecast";
				PRODUCT_NAME = "$(TARGET_NAME)";
				SDKROOT = auto;
				SUPPORTED_PLATFORMS = "iphoneos iphonesimulator";
				SUPPORTS_MACCATALYST = NO;
				SUPPORTS_MAC_DESIGNED_FOR_IPHONE_IPAD = NO;
				SWIFT_EMIT_LOC_STRINGS = YES;
				SWIFT_VERSION = 6.0;
				TARGETED_DEVICE_FAMILY = 1;
			};
			name = Release;
		};
		AD901DCB291B7A7D00E2258C /* Debug */ = {
			isa = XCBuildConfiguration;
			buildSettings = {
				BUNDLE_LOADER = "$(TEST_HOST)";
				CODE_SIGN_STYLE = Automatic;
				CURRENT_PROJECT_VERSION = 1;
				DEAD_CODE_STRIPPING = YES;
				GENERATE_INFOPLIST_FILE = YES;
				IPHONEOS_DEPLOYMENT_TARGET = 16.1;
				MACOSX_DEPLOYMENT_TARGET = 13.0;
				MARKETING_VERSION = 1.0;
				PRODUCT_BUNDLE_IDENTIFIER = "com.-WeatherForecast.WeatherForecastTests";
				PRODUCT_NAME = "$(TARGET_NAME)";
				SDKROOT = auto;
				SUPPORTED_PLATFORMS = "iphoneos iphonesimulator macosx";
				SWIFT_EMIT_LOC_STRINGS = NO;
				SWIFT_VERSION = 5.0;
				TARGETED_DEVICE_FAMILY = "1,2";
				TEST_HOST = "$(BUILT_PRODUCTS_DIR)/WeatherForecast.app/$(BUNDLE_EXECUTABLE_FOLDER_PATH)/WeatherForecast";
			};
			name = Debug;
		};
		AD901DCC291B7A7D00E2258C /* Release */ = {
			isa = XCBuildConfiguration;
			buildSettings = {
				BUNDLE_LOADER = "$(TEST_HOST)";
				CODE_SIGN_STYLE = Automatic;
				CURRENT_PROJECT_VERSION = 1;
				DEAD_CODE_STRIPPING = YES;
				GENERATE_INFOPLIST_FILE = YES;
				IPHONEOS_DEPLOYMENT_TARGET = 16.1;
				MACOSX_DEPLOYMENT_TARGET = 13.0;
				MARKETING_VERSION = 1.0;
				PRODUCT_BUNDLE_IDENTIFIER = "com.-WeatherForecast.WeatherForecastTests";
				PRODUCT_NAME = "$(TARGET_NAME)";
				SDKROOT = auto;
				SUPPORTED_PLATFORMS = "iphoneos iphonesimulator macosx";
				SWIFT_EMIT_LOC_STRINGS = NO;
				SWIFT_VERSION = 5.0;
				TARGETED_DEVICE_FAMILY = "1,2";
				TEST_HOST = "$(BUILT_PRODUCTS_DIR)/WeatherForecast.app/$(BUNDLE_EXECUTABLE_FOLDER_PATH)/WeatherForecast";
			};
			name = Release;
		};
/* End XCBuildConfiguration section */

/* Begin XCConfigurationList section */
		AD901D98291B7A7C00E2258C /* Build configuration list for PBXProject "WeatherForecast" */ = {
			isa = XCConfigurationList;
			buildConfigurations = (
				AD901DC5291B7A7D00E2258C /* Debug */,
				AD901DC6291B7A7D00E2258C /* Release */,
			);
			defaultConfigurationIsVisible = 0;
			defaultConfigurationName = Release;
		};
		AD901DC7291B7A7D00E2258C /* Build configuration list for PBXNativeTarget "WeatherForecast" */ = {
			isa = XCConfigurationList;
			buildConfigurations = (
				AD901DC8291B7A7D00E2258C /* Debug */,
				AD901DC9291B7A7D00E2258C /* Release */,
			);
			defaultConfigurationIsVisible = 0;
			defaultConfigurationName = Release;
		};
		AD901DCA291B7A7D00E2258C /* Build configuration list for PBXNativeTarget "WeatherForecastTests" */ = {
			isa = XCConfigurationList;
			buildConfigurations = (
				AD901DCB291B7A7D00E2258C /* Debug */,
				AD901DCC291B7A7D00E2258C /* Release */,
			);
			defaultConfigurationIsVisible = 0;
			defaultConfigurationName = Release;
		};
/* End XCConfigurationList section */

/* Begin XCVersionGroup section */
		AD901DA4291B7A7C00E2258C /* WeatherForecast.xcdatamodeld */ = {
			isa = XCVersionGroup;
			children = (
				AD901DA5291B7A7C00E2258C /* WeatherForecast.xcdatamodel */,
			);
			currentVersion = AD901DA5291B7A7C00E2258C /* WeatherForecast.xcdatamodel */;
			path = WeatherForecast.xcdatamodeld;
			sourceTree = "<group>";
			versionGroupType = wrapper.xcdatamodel;
		};
/* End XCVersionGroup section */
	};
	rootObject = AD901D95291B7A7C00E2258C /* Project object */;
}
